{
    __meta__ = {
        version = "1.0"
    },
    ["windows|x64"] = {
        ["cmake#31fecfc4"] = {
            repo = {
                branch = "master",
                commit = "da016bf271a4a37cd9e89cf772b0d3d730767843",
                url = "https://gitlab.com/tboox/xmake-repo.git"
            },
            version = "4.0.3"
        },
        ["ninja#31fecfc4"] = {
            repo = {
                branch = "master",
                commit = "70eefe46b0c2ec4abc7b6d77e5335af18252008d",
                url = "https://gitlab.com/tboox/xmake-repo.git"
            },
            version = "1.12.1"
        },
        ["nlohmann_json#31fecfc4"] = {
            repo = {
                branch = "master",
                commit = "acb7ac966bdcfd6e70708d6085104db8cb1e6eb8",
                url = "https://gitlab.com/tboox/xmake-repo.git"
            },
            version = "v3.12.0"
        },
        ["spdlog#9c36f0a9"] = {
            repo = {
                branch = "master",
                commit = "da016bf271a4a37cd9e89cf772b0d3d730767843",
                url = "https://gitlab.com/tboox/xmake-repo.git"
            },
            version = "v1.15.3"
        }
    }
}